
Microsoft Visual Studio Solution File, Format Version 12.00
# Visual Studio Version 17
VisualStudioVersion = 17.5.33627.172
MinimumVisualStudioVersion = 10.0.40219.1
Project("{9A19103F-16F7-4668-BE54-9A1E7A4F7556}") = "If_die_you_go_home", "If_die_you_go_home.csproj", "{6A47AD07-E001-47B3-9922-F2570B766634}"
EndProject
Global
	GlobalSection(SolutionConfigurationPlatforms) = preSolution
		Debug|Any CPU = Debug|Any CPU
		Release|Any CPU = Release|Any CPU
	EndGlobalSection
	GlobalSection(ProjectConfigurationPlatforms) = postSolution
		{6A47AD07-E001-47B3-9922-F2570B766634}.Debug|Any CPU.ActiveCfg = Debug|Any CPU
		{6A47AD07-E001-47B3-9922-F2570B766634}.Debug|Any CPU.Build.0 = Debug|Any CPU
		{6A47AD07-E001-47B3-9922-F2570B766634}.Release|Any CPU.ActiveCfg = Release|Any CPU
		{6A47AD07-E001-47B3-9922-F2570B766634}.Release|Any CPU.Build.0 = Release|Any CPU
	EndGlobalSection
	GlobalSection(SolutionProperties) = preSolution
		HideSolutionNode = FALSE
	EndGlobalSection
	GlobalSection(ExtensibilityGlobals) = postSolution
		SolutionGuid = {96CBB4F2-4149-41E2-A729-7088D7F15D0E}
	EndGlobalSection
EndGlobal
